
Microsoft Visual Studio Solution File, Format Version 11.00
# Visual Studio 2010
Project("{FAE04EC0-301F-11D3-BF4B-00C04F79EFBC}") = "Assembly-CSharp", "Assembly-CSharp.csproj", "{7cd9b84b-59ea-c6ad-2f70-ff476b9bb029}"
EndProject
Project("{FAE04EC0-301F-11D3-BF4B-00C04F79EFBC}") = "Assembly-CSharp-Editor", "Assembly-CSharp-Editor.csproj", "{7cfad7b1-a98b-dd6c-1743-acf1ae5affc9}"
EndProject
Global
	GlobalSection(SolutionConfigurationPlatforms) = preSolution
		Debug|Any CPU = Debug|Any CPU
	EndGlobalSection
	GlobalSection(ProjectConfigurationPlatforms) = postSolution
		{7cd9b84b-59ea-c6ad-2f70-ff476b9bb029}.Debug|Any CPU.ActiveCfg = Debug|Any CPU
		{7cd9b84b-59ea-c6ad-2f70-ff476b9bb029}.Debug|Any CPU.Build.0 = Debug|Any CPU
		{7cfad7b1-a98b-dd6c-1743-acf1ae5affc9}.Debug|Any CPU.ActiveCfg = Debug|Any CPU
		{7cfad7b1-a98b-dd6c-1743-acf1ae5affc9}.Debug|Any CPU.Build.0 = Debug|Any CPU
	EndGlobalSection
	GlobalSection(SolutionProperties) = preSolution
		HideSolutionNode = FALSE
	EndGlobalSection
EndGlobal
